dependencies:
- name: zookeeper
  repository: https://charts.bitnami.com/bitnami
  version: 11.4.11
- name: postgresql
  repository: https://charts.bitnami.com/bitnami
  version: 12.12.10
digest: sha256:5bbb3eb33738f8c63b737acf57bef2a433b8ddb12eb0954cafca2ad95a883efa
generated: "2024-12-18T15:11:32.459918+02:00"
