dependencies:
- name: zookeeper
  repository: https://raw.githubusercontent.com/bitnami/charts/archive-full-index/bitnami
  version: 3.0.8
- name: postgresql
  repository: https://raw.githubusercontent.com/bitnami/charts/archive-full-index/bitnami
  version: 7.2.0
digest: sha256:eee3d6d0730fd27caaf42b7bc2a623e82010ebe0c18433ea279dd29701ca99d9
generated: "2024-12-18T00:23:20.77018+02:00"
